// !$*UTF8*$!
{
	archiveVersion = 1;
	classes = {
	};
	objectVersion = 46;
	objects = {

/* Begin PBXBuildFile section */
		3D81A6871C3BD9C0009163BF /* AppDelegate.swift in Sources */ = {isa = PBXBuildFile; fileRef = 3D81A6861C3BD9C0009163BF /* AppDelegate.swift */; };
		3D81A6891C3BD9C0009163BF /* ViewController.swift in Sources */ = {isa = PBXBuildFile; fileRef = 3D81A6881C3BD9C0009163BF /* ViewController.swift */; };
		3D81A68C1C3BD9C0009163BF /* Main.storyboard in Resources */ = {isa = PBXBuildFile; fileRef = 3D81A68A1C3BD9C0009163BF /* Main.storyboard */; };
		3D81A68E1C3BD9C0009163BF /* Assets.xcassets in Resources */ = {isa = PBXBuildFile; fileRef = 3D81A68D1C3BD9C0009163BF /* Assets.xcassets */; };
		3D81A6911C3BD9C0009163BF /* LaunchScreen.storyboard in Resources */ = {isa = PBXBuildFile; fileRef = 3D81A68F1C3BD9C0009163BF /* LaunchScreen.storyboard */; };
		3D81A69C1C3BD9C0009163BF /* FirstAPPTests.swift in Sources */ = {isa = PBXBuildFile; fileRef = 3D81A69B1C3BD9C0009163BF /* FirstAPPTests.swift */; };
		3D81A6A71C3BD9C0009163BF /* FirstAPPUITests.swift in Sources */ = {isa = PBXBuildFile; fileRef = 3D81A6A61C3BD9C0009163BF /* FirstAPPUITests.swift */; };
		3D81A6BD1C3BDA1B009163BF /* FirstMixed.framework in Frameworks */ = {isa = PBXBuildFile; fileRef = 3D81A6BA1C3BD9CD009163BF /* FirstMixed.framework */; };
/* End PBXBuildFile section */

/* Begin PBXContainerItemProxy section */
		3D81A6981C3BD9C0009163BF /* PBXContainerItemProxy */ = {
			isa = PBXContainerItemProxy;
			containerPortal = 3D81A67B1C3BD9C0009163BF /* Project object */;
			proxyType = 1;
			remoteGlobalIDString = 3D81A6821C3BD9C0009163BF;
			remoteInfo = FirstAPP;
		};
		3D81A6A31C3BD9C0009163BF /* PBXContainerItemProxy */ = {
			isa = PBXContainerItemProxy;
			containerPortal = 3D81A67B1C3BD9C0009163BF /* Project object */;
			proxyType = 1;
			remoteGlobalIDString = 3D81A6821C3BD9C0009163BF;
			remoteInfo = FirstAPP;
		};
		3D81A6B91C3BD9CD009163BF /* PBXContainerItemProxy */ = {
			isa = PBXContainerItemProxy;
			containerPortal = 3D81A6B41C3BD9CD009163BF /* FirstMixed.xcodeproj */;
			proxyType = 2;
			remoteGlobalIDString = 3D81A60B1C3BD320009163BF;
			remoteInfo = FirstMixed;
		};
		3D81A6BB1C3BD9CD009163BF /* PBXContainerItemProxy */ = {
			isa = PBXContainerItemProxy;
			containerPortal = 3D81A6B41C3BD9CD009163BF /* FirstMixed.xcodeproj */;
			proxyType = 2;
			remoteGlobalIDString = 3D81A6151C3BD320009163BF;
			remoteInfo = FirstMixedTests;
		};
/* End PBXContainerItemProxy section */

/* Begin PBXFileReference section */
		3D81A6831C3BD9C0009163BF /* FirstAPP.app */ = {isa = PBXFileReference; explicitFileType = wrapper.application; includeInIndex = 0; path = FirstAPP.app; sourceTree = BUILT_PRODUCTS_DIR; };
		3D81A6861C3BD9C0009163BF /* AppDelegate.swift */ = {isa = PBXFileReference; lastKnownFileType = sourcecode.swift; path = AppDelegate.swift; sourceTree = "<group>"; };
		3D81A6881C3BD9C0009163BF /* ViewController.swift */ = {isa = PBXFileReference; lastKnownFileType = sourcecode.swift; path = ViewController.swift; sourceTree = "<group>"; };
		3D81A68B1C3BD9C0009163BF /* Base */ = {isa = PBXFileReference; lastKnownFileType = file.storyboard; name = Base; path = Base.lproj/Main.storyboard; sourceTree = "<group>"; };
		3D81A68D1C3BD9C0009163BF /* Assets.xcassets */ = {isa = PBXFileReference; lastKnownFileType = folder.assetcatalog; path = Assets.xcassets; sourceTree = "<group>"; };
		3D81A6901C3BD9C0009163BF /* Base */ = {isa = PBXFileReference; lastKnownFileType = file.storyboard; name = Base; path = Base.lproj/LaunchScreen.storyboard; sourceTree = "<group>"; };
		3D81A6921C3BD9C0009163BF /* Info.plist */ = {isa = PBXFileReference; lastKnownFileType = text.plist.xml; path = Info.plist; sourceTree = "<group>"; };
		3D81A6971C3BD9C0009163BF /* FirstAPPTests.xctest */ = {isa = PBXFileReference; explicitFileType = wrapper.cfbundle; includeInIndex = 0; path = FirstAPPTests.xctest; sourceTree = BUILT_PRODUCTS_DIR; };
		3D81A69B1C3BD9C0009163BF /* FirstAPPTests.swift */ = {isa = PBXFileReference; lastKnownFileType = sourcecode.swift; path = FirstAPPTests.swift; sourceTree = "<group>"; };
		3D81A69D1C3BD9C0009163BF /* Info.plist */ = {isa = PBXFileReference; lastKnownFileType = text.plist.xml; path = Info.plist; sourceTree = "<group>"; };
		3D81A6A21C3BD9C0009163BF /* FirstAPPUITests.xctest */ = {isa = PBXFileReference; explicitFileType = wrapper.cfbundle; includeInIndex = 0; path = FirstAPPUITests.xctest; sourceTree = BUILT_PRODUCTS_DIR; };
		3D81A6A61C3BD9C0009163BF /* FirstAPPUITests.swift */ = {isa = PBXFileReference; lastKnownFileType = sourcecode.swift; path = FirstAPPUITests.swift; sourceTree = "<group>"; };
		3D81A6A81C3BD9C0009163BF /* Info.plist */ = {isa = PBXFileReference; lastKnownFileType = text.plist.xml; path = Info.plist; sourceTree = "<group>"; };
		3D81A6B41C3BD9CD009163BF /* FirstMixed.xcodeproj */ = {isa = PBXFileReference; lastKnownFileType = "wrapper.pb-project"; name = FirstMixed.xcodeproj; path = ../../FirstMixed/FirstMixed.xcodeproj; sourceTree = "<group>"; };
/* End PBXFileReference section */

/* Begin PBXFrameworksBuildPhase section */
		3D81A6801C3BD9C0009163BF /* Frameworks */ = {
			isa = PBXFrameworksBuildPhase;
			buildActionMask = 2147483647;
			files = (
				3D81A6BD1C3BDA1B009163BF /* FirstMixed.framework in Frameworks */,
			);
			runOnlyForDeploymentPostprocessing = 0;
		};
		3D81A6941C3BD9C0009163BF /* Frameworks */ = {
			isa = PBXFrameworksBuildPhase;
			buildActionMask = 2147483647;
			files = (
			);
			runOnlyForDeploymentPostprocessing = 0;
		};
		3D81A69F1C3BD9C0009163BF /* Frameworks */ = {
			isa = PBXFrameworksBuildPhase;
			buildActionMask = 2147483647;
			files = (
			);
			runOnlyForDeploymentPostprocessing = 0;
		};
/* End PBXFrameworksBuildPhase section */

/* Begin PBXGroup section */
		3D81A67A1C3BD9C0009163BF = {
			isa = PBXGroup;
			children = (
				3D81A6851C3BD9C0009163BF /* FirstAPP */,
				3D81A69A1C3BD9C0009163BF /* FirstAPPTests */,
				3D81A6A51C3BD9C0009163BF /* FirstAPPUITests */,
				3D81A6841C3BD9C0009163BF /* Products */,
			);
			sourceTree = "<group>";
		};
		3D81A6841C3BD9C0009163BF /* Products */ = {
			isa = PBXGroup;
			children = (
				3D81A6831C3BD9C0009163BF /* FirstAPP.app */,
				3D81A6971C3BD9C0009163BF /* FirstAPPTests.xctest */,
				3D81A6A21C3BD9C0009163BF /* FirstAPPUITests.xctest */,
			);
			name = Products;
			sourceTree = "<group>";
		};
		3D81A6851C3BD9C0009163BF /* FirstAPP */ = {
			isa = PBXGroup;
			children = (
				3D81A6B41C3BD9CD009163BF /* FirstMixed.xcodeproj */,
				3D81A6861C3BD9C0009163BF /* AppDelegate.swift */,
				3D81A6881C3BD9C0009163BF /* ViewController.swift */,
				3D81A68A1C3BD9C0009163BF /* Main.storyboard */,
				3D81A68D1C3BD9C0009163BF /* Assets.xcassets */,
				3D81A68F1C3BD9C0009163BF /* LaunchScreen.storyboard */,
				3D81A6921C3BD9C0009163BF /* Info.plist */,
			);
			path = FirstAPP;
			sourceTree = "<group>";
		};
		3D81A69A1C3BD9C0009163BF /* FirstAPPTests */ = {
			isa = PBXGroup;
			children = (
				3D81A69B1C3BD9C0009163BF /* FirstAPPTests.swift */,
				3D81A69D1C3BD9C0009163BF /* Info.plist */,
			);
			path = FirstAPPTests;
			sourceTree = "<group>";
		};
		3D81A6A51C3BD9C0009163BF /* FirstAPPUITests */ = {
			isa = PBXGroup;
			children = (
				3D81A6A61C3BD9C0009163BF /* FirstAPPUITests.swift */,
				3D81A6A81C3BD9C0009163BF /* Info.plist */,
			);
			path = FirstAPPUITests;
			sourceTree = "<group>";
		};
		3D81A6B51C3BD9CD009163BF /* Products */ = {
			isa = PBXGroup;
			children = (
				3D81A6BA1C3BD9CD009163BF /* FirstMixed.framework */,
				3D81A6BC1C3BD9CD009163BF /* FirstMixedTests.xctest */,
			);
			name = Products;
			sourceTree = "<group>";
		};
/* End PBXGroup section */

/* Begin PBXNativeTarget section */
		3D81A6821C3BD9C0009163BF /* FirstAPP */ = {
			isa = PBXNativeTarget;
			buildConfigurationList = 3D81A6AB1C3BD9C0009163BF /* Build configuration list for PBXNativeTarget "FirstAPP" */;
			buildPhases = (
				3D81A67F1C3BD9C0009163BF /* Sources */,
				3D81A6801C3BD9C0009163BF /* Frameworks */,
				3D81A6811C3BD9C0009163BF /* Resources */,
			);
			buildRules = (
			);
			dependencies = (
			);
			name = FirstAPP;
			productName = FirstAPP;
			productReference = 3D81A6831C3BD9C0009163BF /* FirstAPP.app */;
			productType = "com.apple.product-type.application";
		};
		3D81A6961C3BD9C0009163BF /* FirstAPPTests */ = {
			isa = PBXNativeTarget;
			buildConfigurationList = 3D81A6AE1C3BD9C0009163BF /* Build configuration list for PBXNativeTarget "FirstAPPTests" */;
			buildPhases = (
				3D81A6931C3BD9C0009163BF /* Sources */,
				3D81A6941C3BD9C0009163BF /* Frameworks */,
				3D81A6951C3BD9C0009163BF /* Resources */,
			);
			buildRules = (
			);
			dependencies = (
				3D81A6991C3BD9C0009163BF /* PBXTargetDependency */,
			);
			name = FirstAPPTests;
			productName = FirstAPPTests;
			productReference = 3D81A6971C3BD9C0009163BF /* FirstAPPTests.xctest */;
			productType = "com.apple.product-type.bundle.unit-test";
		};
		3D81A6A11C3BD9C0009163BF /* FirstAPPUITests */ = {
			isa = PBXNativeTarget;
			buildConfigurationList = 3D81A6B11C3BD9C0009163BF /* Build configuration list for PBXNativeTarget "FirstAPPUITests" */;
			buildPhases = (
				3D81A69E1C3BD9C0009163BF /* Sources */,
				3D81A69F1C3BD9C0009163BF /* Frameworks */,
				3D81A6A01C3BD9C0009163BF /* Resources */,
			);
			buildRules = (
			);
			dependencies = (
				3D81A6A41C3BD9C0009163BF /* PBXTargetDependency */,
			);
			name = FirstAPPUITests;
			productName = FirstAPPUITests;
			productReference = 3D81A6A21C3BD9C0009163BF /* FirstAPPUITests.xctest */;
			productType = "com.apple.product-type.bundle.ui-testing";
		};
/* End PBXNativeTarget section */

/* Begin PBXProject section */
		3D81A67B1C3BD9C0009163BF /* Project object */ = {
			isa = PBXProject;
			attributes = {
				LastSwiftUpdateCheck = 0710;
				LastUpgradeCheck = 0710;
				ORGANIZATIONNAME = LRF;
				TargetAttributes = {
					3D81A6821C3BD9C0009163BF = {
						CreatedOnToolsVersion = 7.1;
					};
					3D81A6961C3BD9C0009163BF = {
						CreatedOnToolsVersion = 7.1;
						TestTargetID = 3D81A6821C3BD9C0009163BF;
					};
					3D81A6A11C3BD9C0009163BF = {
						CreatedOnToolsVersion = 7.1;
						TestTargetID = 3D81A6821C3BD9C0009163BF;
					};
				};
			};
			buildConfigurationList = 3D81A67E1C3BD9C0009163BF /* Build configuration list for PBXProject "FirstAPP" */;
			compatibilityVersion = "Xcode 3.2";
			developmentRegion = English;
			hasScannedForEncodings = 0;
			knownRegions = (
				en,
				Base,
			);
			mainGroup = 3D81A67A1C3BD9C0009163BF;
			productRefGroup = 3D81A6841C3BD9C0009163BF /* Products */;
			projectDirPath = "";
			projectReferences = (
				{
					ProductGroup = 3D81A6B51C3BD9CD009163BF /* Products */;
					ProjectRef = 3D81A6B41C3BD9CD009163BF /* FirstMixed.xcodeproj */;
				},
			);
			projectRoot = "";
			targets = (
				3D81A6821C3BD9C0009163BF /* FirstAPP */,
				3D81A6961C3BD9C0009163BF /* FirstAPPTests */,
				3D81A6A11C3BD9C0009163BF /* FirstAPPUITests */,
			);
		};
/* End PBXProject section */

/* Begin PBXReferenceProxy section */
		3D81A6BA1C3BD9CD009163BF /* FirstMixed.framework */ = {
			isa = PBXReferenceProxy;
			fileType = wrapper.framework;
			path = FirstMixed.framework;
			remoteRef = 3D81A6B91C3BD9CD009163BF /* PBXContainerItemProxy */;
			sourceTree = BUILT_PRODUCTS_DIR;
		};
		3D81A6BC1C3BD9CD009163BF /* FirstMixedTests.xctest */ = {
			isa = PBXReferenceProxy;
			fileType = wrapper.cfbundle;
			path = FirstMixedTests.xctest;
			remoteRef = 3D81A6BB1C3BD9CD009163BF /* PBXContainerItemProxy */;
			sourceTree = BUILT_PRODUCTS_DIR;
		};
/* End PBXReferenceProxy section */

/* Begin PBXResourcesBuildPhase section */
		3D81A6811C3BD9C0009163BF /* Resources */ = {
			isa = PBXResourcesBuildPhase;
			buildActionMask = 2147483647;
			files = (
				3D81A6911C3BD9C0009163BF /* LaunchScreen.storyboard in Resources */,
				3D81A68E1C3BD9C0009163BF /* Assets.xcassets in Resources */,
				3D81A68C1C3BD9C0009163BF /* Main.storyboard in Resources */,
			);
			runOnlyForDeploymentPostprocessing = 0;
		};
		3D81A6951C3BD9C0009163BF /* Resources */ = {
			isa = PBXResourcesBuildPhase;
			buildActionMask = 2147483647;
			files = (
			);
			runOnlyForDeploymentPostprocessing = 0;
		};
		3D81A6A01C3BD9C0009163BF /* Resources */ = {
			isa = PBXResourcesBuildPhase;
			buildActionMask = 2147483647;
			files = (
			);
			runOnlyForDeploymentPostprocessing = 0;
		};
/* End PBXResourcesBuildPhase section */

/* Begin PBXSourcesBuildPhase section */
		3D81A67F1C3BD9C0009163BF /* Sources */ = {
			isa = PBXSourcesBuildPhase;
			buildActionMask = 2147483647;
			files = (
				3D81A6891C3BD9C0009163BF /* ViewController.swift in Sources */,
				3D81A6871C3BD9C0009163BF /* AppDelegate.swift in Sources */,
			);
			runOnlyForDeploymentPostprocessing = 0;
		};
		3D81A6931C3BD9C0009163BF /* Sources */ = {
			isa = PBXSourcesBuildPhase;
			buildActionMask = 2147483647;
			files = (
				3D81A69C1C3BD9C0009163BF /* FirstAPPTests.swift in Sources */,
			);
			runOnlyForDeploymentPostprocessing = 0;
		};
		3D81A69E1C3BD9C0009163BF /* Sources */ = {
			isa = PBXSourcesBuildPhase;
			buildActionMask = 2147483647;
			files = (
				3D81A6A71C3BD9C0009163BF /* FirstAPPUITests.swift in Sources */,
			);
			runOnlyForDeploymentPostprocessing = 0;
		};
/* End PBXSourcesBuildPhase section */

/* Begin PBXTargetDependency section */
		3D81A6991C3BD9C0009163BF /* PBXTargetDependency */ = {
			isa = PBXTargetDependency;
			target = 3D81A6821C3BD9C0009163BF /* FirstAPP */;
			targetProxy = 3D81A6981C3BD9C0009163BF /* PBXContainerItemProxy */;
		};
		3D81A6A41C3BD9C0009163BF /* PBXTargetDependency */ = {
			isa = PBXTargetDependency;
			target = 3D81A6821C3BD9C0009163BF /* FirstAPP */;
			targetProxy = 3D81A6A31C3BD9C0009163BF /* PBXContainerItemProxy */;
		};
/* End PBXTargetDependency section */

/* Begin PBXVariantGroup section */
		3D81A68A1C3BD9C0009163BF /* Main.storyboard */ = {
			isa = PBXVariantGroup;
			children = (
				3D81A68B1C3BD9C0009163BF /* Base */,
			);
			name = Main.storyboard;
			sourceTree = "<group>";
		};
		3D81A68F1C3BD9C0009163BF /* LaunchScreen.storyboard */ = {
			isa = PBXVariantGroup;
			children = (
				3D81A6901C3BD9C0009163BF /* Base */,
			);
			name = LaunchScreen.storyboard;
			sourceTree = "<group>";
		};
/* End PBXVariantGroup section */

/* Begin XCBuildConfiguration section */
		3D81A6A91C3BD9C0009163BF /* Debug */ = {
			isa = XCBuildConfiguration;
			buildSettings = {
				ALWAYS_SEARCH_USER_PATHS = NO;
				CLANG_CXX_LANGUAGE_STANDARD = "gnu++0x";
				CLANG_CXX_LIBRARY = "libc++";
				CLANG_ENABLE_MODULES = YES;
				CLANG_ENABLE_OBJC_ARC = YES;
				CLANG_WARN_BOOL_CONVERSION = YES;
				CLANG_WARN_CONSTANT_CONVERSION = YES;
				CLANG_WARN_DIRECT_OBJC_ISA_USAGE = YES_ERROR;
				CLANG_WARN_EMPTY_BODY = YES;
				CLANG_WARN_ENUM_CONVERSION = YES;
				CLANG_WARN_INT_CONVERSION = YES;
				CLANG_WARN_OBJC_ROOT_CLASS = YES_ERROR;
				CLANG_WARN_UNREACHABLE_CODE = YES;
				CLANG_WARN__DUPLICATE_METHOD_MATCH = YES;
				"CODE_SIGN_IDENTITY[sdk=iphoneos*]" = "iPhone Developer";
				COPY_PHASE_STRIP = NO;
				DEBUG_INFORMATION_FORMAT = dwarf;
				ENABLE_STRICT_OBJC_MSGSEND = YES;
				ENABLE_TESTABILITY = YES;
				GCC_C_LANGUAGE_STANDARD = gnu99;
				GCC_DYNAMIC_NO_PIC = NO;
				GCC_NO_COMMON_BLOCKS = YES;
				GCC_OPTIMIZATION_LEVEL = 0;
				GCC_PREPROCESSOR_DEFINITIONS = (
					"DEBUG=1",
					"$(inherited)",
				);
				GCC_WARN_64_TO_32_BIT_CONVERSION = YES;
				GCC_WARN_ABOUT_RETURN_TYPE = YES_ERROR;
				GCC_WARN_UNDECLARED_SELECTOR = YES;
				GCC_WARN_UNINITIALIZED_AUTOS = YES_AGGRESSIVE;
				GCC_WARN_UNUSED_FUNCTION = YES;
				GCC_WARN_UNUSED_VARIABLE = YES;
				IPHONEOS_DEPLOYMENT_TARGET = 9.1;
				MTL_ENABLE_DEBUG_INFO = YES;
				ONLY_ACTIVE_ARCH = YES;
				SDKROOT = iphoneos;
				SWIFT_OPTIMIZATION_LEVEL = "-Onone";
				TARGETED_DEVICE_FAMILY = "1,2";
			};
			name = Debug;
		};
		3D81A6AA1C3BD9C0009163BF /* Release */ = {
			isa = XCBuildConfiguration;
			buildSettings = {
				ALWAYS_SEARCH_USER_PATHS = NO;
				CLANG_CXX_LANGUAGE_STANDARD = "gnu++0x";
				CLANG_CXX_LIBRARY = "libc++";
				CLANG_ENABLE_MODULES = YES;
				CLANG_ENABLE_OBJC_ARC = YES;
				CLANG_WARN_BOOL_CONVERSION = YES;
				CLANG_WARN_CONSTANT_CONVERSION = YES;
				CLANG_WARN_DIRECT_OBJC_ISA_USAGE = YES_ERROR;
				CLANG_WARN_EMPTY_BODY = YES;
				CLANG_WARN_ENUM_CONVERSION = YES;
				CLANG_WARN_INT_CONVERSION = YES;
				CLANG_WARN_OBJC_ROOT_CLASS = YES_ERROR;
				CLANG_WARN_UNREACHABLE_CODE = YES;
				CLANG_WARN__DUPLICATE_METHOD_MATCH = YES;
				"CODE_SIGN_IDENTITY[sdk=iphoneos*]" = "iPhone Developer";
				COPY_PHASE_STRIP = NO;
				DEBUG_INFORMATION_FORMAT = "dwarf-with-dsym";
				ENABLE_NS_ASSERTIONS = NO;
				ENABLE_STRICT_OBJC_MSGSEND = YES;
				GCC_C_LANGUAGE_STANDARD = gnu99;
				GCC_NO_COMMON_BLOCKS = YES;
				GCC_WARN_64_TO_32_BIT_CONVERSION = YES;
				GCC_WARN_ABOUT_RETURN_TYPE = YES_ERROR;
				GCC_WARN_UNDECLARED_SELECTOR = YES;
				GCC_WARN_UNINITIALIZED_AUTOS = YES_AGGRESSIVE;
				GCC_WARN_UNUSED_FUNCTION = YES;
				GCC_WARN_UNUSED_VARIABLE = YES;
				IPHONEOS_DEPLOYMENT_TARGET = 9.1;
				MTL_ENABLE_DEBUG_INFO = NO;
				SDKROOT = iphoneos;
				TARGETED_DEVICE_FAMILY = "1,2";
				VALIDATE_PRODUCT = YES;
			};
			name = Release;
		};
		3D81A6AC1C3BD9C0009163BF /* Debug */ = {
			isa = XCBuildConfiguration;
			buildSettings = {
				ASSETCATALOG_COMPILER_APPICON_NAME = AppIcon;
				DEFINES_MODULE = YES;
				INFOPLIST_FILE = FirstAPP/Info.plist;
				LD_RUNPATH_SEARCH_PATHS = "$(inherited) @executable_path/Frameworks";
				PRODUCT_BUNDLE_IDENTIFIER = Beijing.FirstAPP;
				PRODUCT_NAME = "$(TARGET_NAME)";
			};
			name = Debug;
		};
		3D81A6AD1C3BD9C0009163BF /* Release */ = {
			isa = XCBuildConfiguration;
			buildSettings = {
				ASSETCATALOG_COMPILER_APPICON_NAME = AppIcon;
				DEFINES_MODULE = YES;
				INFOPLIST_FILE = FirstAPP/Info.plist;
				LD_RUNPATH_SEARCH_PATHS = "$(inherited) @executable_path/Frameworks";
				PRODUCT_BUNDLE_IDENTIFIER = Beijing.FirstAPP;
				PRODUCT_NAME = "$(TARGET_NAME)";
			};
			name = Release;
		};
		3D81A6AF1C3BD9C0009163BF /* Debug */ = {
			isa = XCBuildConfiguration;
			buildSettings = {
				BUNDLE_LOADER = "$(TEST_HOST)";
				INFOPLIST_FILE = FirstAPPTests/Info.plist;
				LD_RUNPATH_SEARCH_PATHS = "$(inherited) @executable_path/Frameworks @loader_path/Frameworks";
				PRODUCT_BUNDLE_IDENTIFIER = Beijing.FirstAPPTests;
				PRODUCT_NAME = "$(TARGET_NAME)";
				TEST_HOST = "$(BUILT_PRODUCTS_DIR)/FirstAPP.app/FirstAPP";
			};
			name = Debug;
		};
		3D81A6B01C3BD9C0009163BF /* Release */ = {
			isa = XCBuildConfiguration;
			buildSettings = {
				BUNDLE_LOADER = "$(TEST_HOST)";
				INFOPLIST_FILE = FirstAPPTests/Info.plist;
				LD_RUNPATH_SEARCH_PATHS = "$(inherited) @executable_path/Frameworks @loader_path/Frameworks";
				PRODUCT_BUNDLE_IDENTIFIER = Beijing.FirstAPPTests;
				PRODUCT_NAME = "$(TARGET_NAME)";
				TEST_HOST = "$(BUILT_PRODUCTS_DIR)/FirstAPP.app/FirstAPP";
			};
			name = Release;
		};
		3D81A6B21C3BD9C0009163BF /* Debug */ = {
			isa = XCBuildConfiguration;
			buildSettings = {
				INFOPLIST_FILE = FirstAPPUITests/Info.plist;
				LD_RUNPATH_SEARCH_PATHS = "$(inherited) @executable_path/Frameworks @loader_path/Frameworks";
				PRODUCT_BUNDLE_IDENTIFIER = Beijing.FirstAPPUITests;
				PRODUCT_NAME = "$(TARGET_NAME)";
				TEST_TARGET_NAME = FirstAPP;
				USES_XCTRUNNER = YES;
			};
			name = Debug;
		};
		3D81A6B31C3BD9C0009163BF /* Release */ = {
			isa = XCBuildConfiguration;
			buildSettings = {
				INFOPLIST_FILE = FirstAPPUITests/Info.plist;
				LD_RUNPATH_SEARCH_PATHS = "$(inherited) @executable_path/Frameworks @loader_path/Frameworks";
				PRODUCT_BUNDLE_IDENTIFIER = Beijing.FirstAPPUITests;
				PRODUCT_NAME = "$(TARGET_NAME)";
				TEST_TARGET_NAME = FirstAPP;
				USES_XCTRUNNER = YES;
			};
			name = Release;
		};
/* End XCBuildConfiguration section */

/* Begin XCConfigurationList section */
		3D81A67E1C3BD9C0009163BF /* Build configuration list for PBXProject "FirstAPP" */ = {
			isa = XCConfigurationList;
			buildConfigurations = (
				3D81A6A91C3BD9C0009163BF /* Debug */,
				3D81A6AA1C3BD9C0009163BF /* Release */,
			);
			defaultConfigurationIsVisible = 0;
			defaultConfigurationName = Release;
		};
		3D81A6AB1C3BD9C0009163BF /* Build configuration list for PBXNativeTarget "FirstAPP" */ = {
			isa = XCConfigurationList;
			buildConfigurations = (
				3D81A6AC1C3BD9C0009163BF /* Debug */,
				3D81A6AD1C3BD9C0009163BF /* Release */,
			);
			defaultConfigurationIsVisible = 0;
			defaultConfigurationName = Release;
		};
		3D81A6AE1C3BD9C0009163BF /* Build configuration list for PBXNativeTarget "FirstAPPTests" */ = {
			isa = XCConfigurationList;
			buildConfigurations = (
				3D81A6AF1C3BD9C0009163BF /* Debug */,
				3D81A6B01C3BD9C0009163BF /* Release */,
			);
			defaultConfigurationIsVisible = 0;
			defaultConfigurationName = Release;
		};
		3D81A6B11C3BD9C0009163BF /* Build configuration list for PBXNativeTarget "FirstAPPUITests" */ = {
			isa = XCConfigurationList;
			buildConfigurations = (
				3D81A6B21C3BD9C0009163BF /* Debug */,
				3D81A6B31C3BD9C0009163BF /* Release */,
			);
			defaultConfigurationIsVisible = 0;
			defaultConfigurationName = Release;
		};
/* End XCConfigurationList section */
	};
	rootObject = 3D81A67B1C3BD9C0009163BF /* Project object */;
}
