// !$*UTF8*$!
{
	archiveVersion = 1;
	classes = {
	};
	objectVersion = 46;
	objects = {

/* Begin PBXBuildFile section */
		3DCD19871C7FF9B900F0BC7B /* main.m in Sources */ = {isa = PBXBuildFile; fileRef = 3DCD19861C7FF9B900F0BC7B /* main.m */; };
		3DCD198A1C7FF9B900F0BC7B /* AppDelegate.m in Sources */ = {isa = PBXBuildFile; fileRef = 3DCD19891C7FF9B900F0BC7B /* AppDelegate.m */; };
		3DCD198D1C7FF9B900F0BC7B /* ViewController.m in Sources */ = {isa = PBXBuildFile; fileRef = 3DCD198C1C7FF9B900F0BC7B /* ViewController.m */; };
		3DCD19901C7FF9B900F0BC7B /* Main.storyboard in Resources */ = {isa = PBXBuildFile; fileRef = 3DCD198E1C7FF9B900F0BC7B /* Main.storyboard */; };
		3DCD19921C7FF9B900F0BC7B /* Assets.xcassets in Resources */ = {isa = PBXBuildFile; fileRef = 3DCD19911C7FF9B900F0BC7B /* Assets.xcassets */; };
		3DCD19951C7FF9B900F0BC7B /* LaunchScreen.storyboard in Resources */ = {isa = PBXBuildFile; fileRef = 3DCD19931C7FF9B900F0BC7B /* LaunchScreen.storyboard */; };
		3DCD19A01C7FF9BA00F0BC7B /* RevealTestTests.m in Sources */ = {isa = PBXBuildFile; fileRef = 3DCD199F1C7FF9BA00F0BC7B /* RevealTestTests.m */; };
		3DCD19AB1C7FF9BA00F0BC7B /* RevealTestUITests.m in Sources */ = {isa = PBXBuildFile; fileRef = 3DCD19AA1C7FF9BA00F0BC7B /* RevealTestUITests.m */; };
		3DCD19B91C7FFA6A00F0BC7B /* Reveal.framework in Frameworks */ = {isa = PBXBuildFile; fileRef = 3DCD19B81C7FFA6A00F0BC7B /* Reveal.framework */; };
		3DCD19BB1C7FFAE500F0BC7B /* libz.tbd in Frameworks */ = {isa = PBXBuildFile; fileRef = 3DCD19BA1C7FFAE500F0BC7B /* libz.tbd */; };
/* End PBXBuildFile section */

/* Begin PBXContainerItemProxy section */
		3DCD199C1C7FF9BA00F0BC7B /* PBXContainerItemProxy */ = {
			isa = PBXContainerItemProxy;
			containerPortal = 3DCD197A1C7FF9B900F0BC7B /* Project object */;
			proxyType = 1;
			remoteGlobalIDString = 3DCD19811C7FF9B900F0BC7B;
			remoteInfo = RevealTest;
		};
		3DCD19A71C7FF9BA00F0BC7B /* PBXContainerItemProxy */ = {
			isa = PBXContainerItemProxy;
			containerPortal = 3DCD197A1C7FF9B900F0BC7B /* Project object */;
			proxyType = 1;
			remoteGlobalIDString = 3DCD19811C7FF9B900F0BC7B;
			remoteInfo = RevealTest;
		};
/* End PBXContainerItemProxy section */

/* Begin PBXFileReference section */
		3DCD19821C7FF9B900F0BC7B /* RevealTest.app */ = {isa = PBXFileReference; explicitFileType = wrapper.application; includeInIndex = 0; path = RevealTest.app; sourceTree = BUILT_PRODUCTS_DIR; };
		3DCD19861C7FF9B900F0BC7B /* main.m */ = {isa = PBXFileReference; lastKnownFileType = sourcecode.c.objc; path = main.m; sourceTree = "<group>"; };
		3DCD19881C7FF9B900F0BC7B /* AppDelegate.h */ = {isa = PBXFileReference; lastKnownFileType = sourcecode.c.h; path = AppDelegate.h; sourceTree = "<group>"; };
		3DCD19891C7FF9B900F0BC7B /* AppDelegate.m */ = {isa = PBXFileReference; lastKnownFileType = sourcecode.c.objc; path = AppDelegate.m; sourceTree = "<group>"; };
		3DCD198B1C7FF9B900F0BC7B /* ViewController.h */ = {isa = PBXFileReference; lastKnownFileType = sourcecode.c.h; path = ViewController.h; sourceTree = "<group>"; };
		3DCD198C1C7FF9B900F0BC7B /* ViewController.m */ = {isa = PBXFileReference; lastKnownFileType = sourcecode.c.objc; path = ViewController.m; sourceTree = "<group>"; };
		3DCD198F1C7FF9B900F0BC7B /* Base */ = {isa = PBXFileReference; lastKnownFileType = file.storyboard; name = Base; path = Base.lproj/Main.storyboard; sourceTree = "<group>"; };
		3DCD19911C7FF9B900F0BC7B /* Assets.xcassets */ = {isa = PBXFileReference; lastKnownFileType = folder.assetcatalog; path = Assets.xcassets; sourceTree = "<group>"; };
		3DCD19941C7FF9B900F0BC7B /* Base */ = {isa = PBXFileReference; lastKnownFileType = file.storyboard; name = Base; path = Base.lproj/LaunchScreen.storyboard; sourceTree = "<group>"; };
		3DCD19961C7FF9B900F0BC7B /* Info.plist */ = {isa = PBXFileReference; lastKnownFileType = text.plist.xml; path = Info.plist; sourceTree = "<group>"; };
		3DCD199B1C7FF9BA00F0BC7B /* RevealTestTests.xctest */ = {isa = PBXFileReference; explicitFileType = wrapper.cfbundle; includeInIndex = 0; path = RevealTestTests.xctest; sourceTree = BUILT_PRODUCTS_DIR; };
		3DCD199F1C7FF9BA00F0BC7B /* RevealTestTests.m */ = {isa = PBXFileReference; lastKnownFileType = sourcecode.c.objc; path = RevealTestTests.m; sourceTree = "<group>"; };
		3DCD19A11C7FF9BA00F0BC7B /* Info.plist */ = {isa = PBXFileReference; lastKnownFileType = text.plist.xml; path = Info.plist; sourceTree = "<group>"; };
		3DCD19A61C7FF9BA00F0BC7B /* RevealTestUITests.xctest */ = {isa = PBXFileReference; explicitFileType = wrapper.cfbundle; includeInIndex = 0; path = RevealTestUITests.xctest; sourceTree = BUILT_PRODUCTS_DIR; };
		3DCD19AA1C7FF9BA00F0BC7B /* RevealTestUITests.m */ = {isa = PBXFileReference; lastKnownFileType = sourcecode.c.objc; path = RevealTestUITests.m; sourceTree = "<group>"; };
		3DCD19AC1C7FF9BA00F0BC7B /* Info.plist */ = {isa = PBXFileReference; lastKnownFileType = text.plist.xml; path = Info.plist; sourceTree = "<group>"; };
		3DCD19B81C7FFA6A00F0BC7B /* Reveal.framework */ = {isa = PBXFileReference; lastKnownFileType = wrapper.framework; path = Reveal.framework; sourceTree = "<group>"; };
		3DCD19BA1C7FFAE500F0BC7B /* libz.tbd */ = {isa = PBXFileReference; lastKnownFileType = "sourcecode.text-based-dylib-definition"; name = libz.tbd; path = usr/lib/libz.tbd; sourceTree = SDKROOT; };
/* End PBXFileReference section */

/* Begin PBXFrameworksBuildPhase section */
		3DCD197F1C7FF9B900F0BC7B /* Frameworks */ = {
			isa = PBXFrameworksBuildPhase;
			buildActionMask = 2147483647;
			files = (
				3DCD19BB1C7FFAE500F0BC7B /* libz.tbd in Frameworks */,
				3DCD19B91C7FFA6A00F0BC7B /* Reveal.framework in Frameworks */,
			);
			runOnlyForDeploymentPostprocessing = 0;
		};
		3DCD19981C7FF9BA00F0BC7B /* Frameworks */ = {
			isa = PBXFrameworksBuildPhase;
			buildActionMask = 2147483647;
			files = (
			);
			runOnlyForDeploymentPostprocessing = 0;
		};
		3DCD19A31C7FF9BA00F0BC7B /* Frameworks */ = {
			isa = PBXFrameworksBuildPhase;
			buildActionMask = 2147483647;
			files = (
			);
			runOnlyForDeploymentPostprocessing = 0;
		};
/* End PBXFrameworksBuildPhase section */

/* Begin PBXGroup section */
		3DCD19791C7FF9B900F0BC7B = {
			isa = PBXGroup;
			children = (
				3DCD19BA1C7FFAE500F0BC7B /* libz.tbd */,
				3DCD19B81C7FFA6A00F0BC7B /* Reveal.framework */,
				3DCD19841C7FF9B900F0BC7B /* RevealTest */,
				3DCD199E1C7FF9BA00F0BC7B /* RevealTestTests */,
				3DCD19A91C7FF9BA00F0BC7B /* RevealTestUITests */,
				3DCD19831C7FF9B900F0BC7B /* Products */,
			);
			sourceTree = "<group>";
		};
		3DCD19831C7FF9B900F0BC7B /* Products */ = {
			isa = PBXGroup;
			children = (
				3DCD19821C7FF9B900F0BC7B /* RevealTest.app */,
				3DCD199B1C7FF9BA00F0BC7B /* RevealTestTests.xctest */,
				3DCD19A61C7FF9BA00F0BC7B /* RevealTestUITests.xctest */,
			);
			name = Products;
			sourceTree = "<group>";
		};
		3DCD19841C7FF9B900F0BC7B /* RevealTest */ = {
			isa = PBXGroup;
			children = (
				3DCD19881C7FF9B900F0BC7B /* AppDelegate.h */,
				3DCD19891C7FF9B900F0BC7B /* AppDelegate.m */,
				3DCD198B1C7FF9B900F0BC7B /* ViewController.h */,
				3DCD198C1C7FF9B900F0BC7B /* ViewController.m */,
				3DCD198E1C7FF9B900F0BC7B /* Main.storyboard */,
				3DCD19911C7FF9B900F0BC7B /* Assets.xcassets */,
				3DCD19931C7FF9B900F0BC7B /* LaunchScreen.storyboard */,
				3DCD19961C7FF9B900F0BC7B /* Info.plist */,
				3DCD19851C7FF9B900F0BC7B /* Supporting Files */,
			);
			path = RevealTest;
			sourceTree = "<group>";
		};
		3DCD19851C7FF9B900F0BC7B /* Supporting Files */ = {
			isa = PBXGroup;
			children = (
				3DCD19861C7FF9B900F0BC7B /* main.m */,
			);
			name = "Supporting Files";
			sourceTree = "<group>";
		};
		3DCD199E1C7FF9BA00F0BC7B /* RevealTestTests */ = {
			isa = PBXGroup;
			children = (
				3DCD199F1C7FF9BA00F0BC7B /* RevealTestTests.m */,
				3DCD19A11C7FF9BA00F0BC7B /* Info.plist */,
			);
			path = RevealTestTests;
			sourceTree = "<group>";
		};
		3DCD19A91C7FF9BA00F0BC7B /* RevealTestUITests */ = {
			isa = PBXGroup;
			children = (
				3DCD19AA1C7FF9BA00F0BC7B /* RevealTestUITests.m */,
				3DCD19AC1C7FF9BA00F0BC7B /* Info.plist */,
			);
			path = RevealTestUITests;
			sourceTree = "<group>";
		};
/* End PBXGroup section */

/* Begin PBXNativeTarget section */
		3DCD19811C7FF9B900F0BC7B /* RevealTest */ = {
			isa = PBXNativeTarget;
			buildConfigurationList = 3DCD19AF1C7FF9BA00F0BC7B /* Build configuration list for PBXNativeTarget "RevealTest" */;
			buildPhases = (
				3DCD197E1C7FF9B900F0BC7B /* Sources */,
				3DCD197F1C7FF9B900F0BC7B /* Frameworks */,
				3DCD19801C7FF9B900F0BC7B /* Resources */,
			);
			buildRules = (
			);
			dependencies = (
			);
			name = RevealTest;
			productName = RevealTest;
			productReference = 3DCD19821C7FF9B900F0BC7B /* RevealTest.app */;
			productType = "com.apple.product-type.application";
		};
		3DCD199A1C7FF9BA00F0BC7B /* RevealTestTests */ = {
			isa = PBXNativeTarget;
			buildConfigurationList = 3DCD19B21C7FF9BA00F0BC7B /* Build configuration list for PBXNativeTarget "RevealTestTests" */;
			buildPhases = (
				3DCD19971C7FF9BA00F0BC7B /* Sources */,
				3DCD19981C7FF9BA00F0BC7B /* Frameworks */,
				3DCD19991C7FF9BA00F0BC7B /* Resources */,
			);
			buildRules = (
			);
			dependencies = (
				3DCD199D1C7FF9BA00F0BC7B /* PBXTargetDependency */,
			);
			name = RevealTestTests;
			productName = RevealTestTests;
			productReference = 3DCD199B1C7FF9BA00F0BC7B /* RevealTestTests.xctest */;
			productType = "com.apple.product-type.bundle.unit-test";
		};
		3DCD19A51C7FF9BA00F0BC7B /* RevealTestUITests */ = {
			isa = PBXNativeTarget;
			buildConfigurationList = 3DCD19B51C7FF9BA00F0BC7B /* Build configuration list for PBXNativeTarget "RevealTestUITests" */;
			buildPhases = (
				3DCD19A21C7FF9BA00F0BC7B /* Sources */,
				3DCD19A31C7FF9BA00F0BC7B /* Frameworks */,
				3DCD19A41C7FF9BA00F0BC7B /* Resources */,
			);
			buildRules = (
			);
			dependencies = (
				3DCD19A81C7FF9BA00F0BC7B /* PBXTargetDependency */,
			);
			name = RevealTestUITests;
			productName = RevealTestUITests;
			productReference = 3DCD19A61C7FF9BA00F0BC7B /* RevealTestUITests.xctest */;
			productType = "com.apple.product-type.bundle.ui-testing";
		};
/* End PBXNativeTarget section */

/* Begin PBXProject section */
		3DCD197A1C7FF9B900F0BC7B /* Project object */ = {
			isa = PBXProject;
			attributes = {
				LastUpgradeCheck = 0720;
				ORGANIZATIONNAME = LRF;
				TargetAttributes = {
					3DCD19811C7FF9B900F0BC7B = {
						CreatedOnToolsVersion = 7.2;
					};
					3DCD199A1C7FF9BA00F0BC7B = {
						CreatedOnToolsVersion = 7.2;
						TestTargetID = 3DCD19811C7FF9B900F0BC7B;
					};
					3DCD19A51C7FF9BA00F0BC7B = {
						CreatedOnToolsVersion = 7.2;
						TestTargetID = 3DCD19811C7FF9B900F0BC7B;
					};
				};
			};
			buildConfigurationList = 3DCD197D1C7FF9B900F0BC7B /* Build configuration list for PBXProject "RevealTest" */;
			compatibilityVersion = "Xcode 3.2";
			developmentRegion = English;
			hasScannedForEncodings = 0;
			knownRegions = (
				en,
				Base,
			);
			mainGroup = 3DCD19791C7FF9B900F0BC7B;
			productRefGroup = 3DCD19831C7FF9B900F0BC7B /* Products */;
			projectDirPath = "";
			projectRoot = "";
			targets = (
				3DCD19811C7FF9B900F0BC7B /* RevealTest */,
				3DCD199A1C7FF9BA00F0BC7B /* RevealTestTests */,
				3DCD19A51C7FF9BA00F0BC7B /* RevealTestUITests */,
			);
		};
/* End PBXProject section */

/* Begin PBXResourcesBuildPhase section */
		3DCD19801C7FF9B900F0BC7B /* Resources */ = {
			isa = PBXResourcesBuildPhase;
			buildActionMask = 2147483647;
			files = (
				3DCD19951C7FF9B900F0BC7B /* LaunchScreen.storyboard in Resources */,
				3DCD19921C7FF9B900F0BC7B /* Assets.xcassets in Resources */,
				3DCD19901C7FF9B900F0BC7B /* Main.storyboard in Resources */,
			);
			runOnlyForDeploymentPostprocessing = 0;
		};
		3DCD19991C7FF9BA00F0BC7B /* Resources */ = {
			isa = PBXResourcesBuildPhase;
			buildActionMask = 2147483647;
			files = (
			);
			runOnlyForDeploymentPostprocessing = 0;
		};
		3DCD19A41C7FF9BA00F0BC7B /* Resources */ = {
			isa = PBXResourcesBuildPhase;
			buildActionMask = 2147483647;
			files = (
			);
			runOnlyForDeploymentPostprocessing = 0;
		};
/* End PBXResourcesBuildPhase section */

/* Begin PBXSourcesBuildPhase section */
		3DCD197E1C7FF9B900F0BC7B /* Sources */ = {
			isa = PBXSourcesBuildPhase;
			buildActionMask = 2147483647;
			files = (
				3DCD198D1C7FF9B900F0BC7B /* ViewController.m in Sources */,
				3DCD198A1C7FF9B900F0BC7B /* AppDelegate.m in Sources */,
				3DCD19871C7FF9B900F0BC7B /* main.m in Sources */,
			);
			runOnlyForDeploymentPostprocessing = 0;
		};
		3DCD19971C7FF9BA00F0BC7B /* Sources */ = {
			isa = PBXSourcesBuildPhase;
			buildActionMask = 2147483647;
			files = (
				3DCD19A01C7FF9BA00F0BC7B /* RevealTestTests.m in Sources */,
			);
			runOnlyForDeploymentPostprocessing = 0;
		};
		3DCD19A21C7FF9BA00F0BC7B /* Sources */ = {
			isa = PBXSourcesBuildPhase;
			buildActionMask = 2147483647;
			files = (
				3DCD19AB1C7FF9BA00F0BC7B /* RevealTestUITests.m in Sources */,
			);
			runOnlyForDeploymentPostprocessing = 0;
		};
/* End PBXSourcesBuildPhase section */

/* Begin PBXTargetDependency section */
		3DCD199D1C7FF9BA00F0BC7B /* PBXTargetDependency */ = {
			isa = PBXTargetDependency;
			target = 3DCD19811C7FF9B900F0BC7B /* RevealTest */;
			targetProxy = 3DCD199C1C7FF9BA00F0BC7B /* PBXContainerItemProxy */;
		};
		3DCD19A81C7FF9BA00F0BC7B /* PBXTargetDependency */ = {
			isa = PBXTargetDependency;
			target = 3DCD19811C7FF9B900F0BC7B /* RevealTest */;
			targetProxy = 3DCD19A71C7FF9BA00F0BC7B /* PBXContainerItemProxy */;
		};
/* End PBXTargetDependency section */

/* Begin PBXVariantGroup section */
		3DCD198E1C7FF9B900F0BC7B /* Main.storyboard */ = {
			isa = PBXVariantGroup;
			children = (
				3DCD198F1C7FF9B900F0BC7B /* Base */,
			);
			name = Main.storyboard;
			sourceTree = "<group>";
		};
		3DCD19931C7FF9B900F0BC7B /* LaunchScreen.storyboard */ = {
			isa = PBXVariantGroup;
			children = (
				3DCD19941C7FF9B900F0BC7B /* Base */,
			);
			name = LaunchScreen.storyboard;
			sourceTree = "<group>";
		};
/* End PBXVariantGroup section */

/* Begin XCBuildConfiguration section */
		3DCD19AD1C7FF9BA00F0BC7B /* Debug */ = {
			isa = XCBuildConfiguration;
			buildSettings = {
				ALWAYS_SEARCH_USER_PATHS = NO;
				CLANG_CXX_LANGUAGE_STANDARD = "gnu++0x";
				CLANG_CXX_LIBRARY = "libc++";
				CLANG_ENABLE_MODULES = YES;
				CLANG_ENABLE_OBJC_ARC = YES;
				CLANG_WARN_BOOL_CONVERSION = YES;
				CLANG_WARN_CONSTANT_CONVERSION = YES;
				CLANG_WARN_DIRECT_OBJC_ISA_USAGE = YES_ERROR;
				CLANG_WARN_EMPTY_BODY = YES;
				CLANG_WARN_ENUM_CONVERSION = YES;
				CLANG_WARN_INT_CONVERSION = YES;
				CLANG_WARN_OBJC_ROOT_CLASS = YES_ERROR;
				CLANG_WARN_UNREACHABLE_CODE = YES;
				CLANG_WARN__DUPLICATE_METHOD_MATCH = YES;
				"CODE_SIGN_IDENTITY[sdk=iphoneos*]" = "iPhone Developer";
				COPY_PHASE_STRIP = NO;
				DEBUG_INFORMATION_FORMAT = dwarf;
				ENABLE_STRICT_OBJC_MSGSEND = YES;
				ENABLE_TESTABILITY = YES;
				GCC_C_LANGUAGE_STANDARD = gnu99;
				GCC_DYNAMIC_NO_PIC = NO;
				GCC_NO_COMMON_BLOCKS = YES;
				GCC_OPTIMIZATION_LEVEL = 0;
				GCC_PREPROCESSOR_DEFINITIONS = (
					"DEBUG=1",
					"$(inherited)",
				);
				GCC_WARN_64_TO_32_BIT_CONVERSION = YES;
				GCC_WARN_ABOUT_RETURN_TYPE = YES_ERROR;
				GCC_WARN_UNDECLARED_SELECTOR = YES;
				GCC_WARN_UNINITIALIZED_AUTOS = YES_AGGRESSIVE;
				GCC_WARN_UNUSED_FUNCTION = YES;
				GCC_WARN_UNUSED_VARIABLE = YES;
				IPHONEOS_DEPLOYMENT_TARGET = 9.2;
				MTL_ENABLE_DEBUG_INFO = YES;
				ONLY_ACTIVE_ARCH = YES;
				SDKROOT = iphoneos;
				TARGETED_DEVICE_FAMILY = "1,2";
			};
			name = Debug;
		};
		3DCD19AE1C7FF9BA00F0BC7B /* Release */ = {
			isa = XCBuildConfiguration;
			buildSettings = {
				ALWAYS_SEARCH_USER_PATHS = NO;
				CLANG_CXX_LANGUAGE_STANDARD = "gnu++0x";
				CLANG_CXX_LIBRARY = "libc++";
				CLANG_ENABLE_MODULES = YES;
				CLANG_ENABLE_OBJC_ARC = YES;
				CLANG_WARN_BOOL_CONVERSION = YES;
				CLANG_WARN_CONSTANT_CONVERSION = YES;
				CLANG_WARN_DIRECT_OBJC_ISA_USAGE = YES_ERROR;
				CLANG_WARN_EMPTY_BODY = YES;
				CLANG_WARN_ENUM_CONVERSION = YES;
				CLANG_WARN_INT_CONVERSION = YES;
				CLANG_WARN_OBJC_ROOT_CLASS = YES_ERROR;
				CLANG_WARN_UNREACHABLE_CODE = YES;
				CLANG_WARN__DUPLICATE_METHOD_MATCH = YES;
				"CODE_SIGN_IDENTITY[sdk=iphoneos*]" = "iPhone Developer";
				COPY_PHASE_STRIP = NO;
				DEBUG_INFORMATION_FORMAT = "dwarf-with-dsym";
				ENABLE_NS_ASSERTIONS = NO;
				ENABLE_STRICT_OBJC_MSGSEND = YES;
				GCC_C_LANGUAGE_STANDARD = gnu99;
				GCC_NO_COMMON_BLOCKS = YES;
				GCC_WARN_64_TO_32_BIT_CONVERSION = YES;
				GCC_WARN_ABOUT_RETURN_TYPE = YES_ERROR;
				GCC_WARN_UNDECLARED_SELECTOR = YES;
				GCC_WARN_UNINITIALIZED_AUTOS = YES_AGGRESSIVE;
				GCC_WARN_UNUSED_FUNCTION = YES;
				GCC_WARN_UNUSED_VARIABLE = YES;
				IPHONEOS_DEPLOYMENT_TARGET = 9.2;
				MTL_ENABLE_DEBUG_INFO = NO;
				SDKROOT = iphoneos;
				TARGETED_DEVICE_FAMILY = "1,2";
				VALIDATE_PRODUCT = YES;
			};
			name = Release;
		};
		3DCD19B01C7FF9BA00F0BC7B /* Debug */ = {
			isa = XCBuildConfiguration;
			buildSettings = {
				ASSETCATALOG_COMPILER_APPICON_NAME = AppIcon;
				FRAMEWORK_SEARCH_PATHS = (
					"$(inherited)",
					"$(PROJECT_DIR)",
				);
				INFOPLIST_FILE = RevealTest/Info.plist;
				LD_RUNPATH_SEARCH_PATHS = "$(inherited) @executable_path/Frameworks";
				OTHER_LDFLAGS = "";
				"OTHER_LDFLAGS[arch=*]" = "-ObjC";
				PRODUCT_BUNDLE_IDENTIFIER = Beijing.RevealTest;
				PRODUCT_NAME = "$(TARGET_NAME)";
			};
			name = Debug;
		};
		3DCD19B11C7FF9BA00F0BC7B /* Release */ = {
			isa = XCBuildConfiguration;
			buildSettings = {
				ASSETCATALOG_COMPILER_APPICON_NAME = AppIcon;
				FRAMEWORK_SEARCH_PATHS = (
					"$(inherited)",
					"$(PROJECT_DIR)",
				);
				INFOPLIST_FILE = RevealTest/Info.plist;
				LD_RUNPATH_SEARCH_PATHS = "$(inherited) @executable_path/Frameworks";
				OTHER_LDFLAGS = "";
				PRODUCT_BUNDLE_IDENTIFIER = Beijing.RevealTest;
				PRODUCT_NAME = "$(TARGET_NAME)";
			};
			name = Release;
		};
		3DCD19B31C7FF9BA00F0BC7B /* Debug */ = {
			isa = XCBuildConfiguration;
			buildSettings = {
				BUNDLE_LOADER = "$(TEST_HOST)";
				INFOPLIST_FILE = RevealTestTests/Info.plist;
				LD_RUNPATH_SEARCH_PATHS = "$(inherited) @executable_path/Frameworks @loader_path/Frameworks";
				PRODUCT_BUNDLE_IDENTIFIER = Beijing.RevealTestTests;
				PRODUCT_NAME = "$(TARGET_NAME)";
				TEST_HOST = "$(BUILT_PRODUCTS_DIR)/RevealTest.app/RevealTest";
			};
			name = Debug;
		};
		3DCD19B41C7FF9BA00F0BC7B /* Release */ = {
			isa = XCBuildConfiguration;
			buildSettings = {
				BUNDLE_LOADER = "$(TEST_HOST)";
				INFOPLIST_FILE = RevealTestTests/Info.plist;
				LD_RUNPATH_SEARCH_PATHS = "$(inherited) @executable_path/Frameworks @loader_path/Frameworks";
				PRODUCT_BUNDLE_IDENTIFIER = Beijing.RevealTestTests;
				PRODUCT_NAME = "$(TARGET_NAME)";
				TEST_HOST = "$(BUILT_PRODUCTS_DIR)/RevealTest.app/RevealTest";
			};
			name = Release;
		};
		3DCD19B61C7FF9BA00F0BC7B /* Debug */ = {
			isa = XCBuildConfiguration;
			buildSettings = {
				INFOPLIST_FILE = RevealTestUITests/Info.plist;
				LD_RUNPATH_SEARCH_PATHS = "$(inherited) @executable_path/Frameworks @loader_path/Frameworks";
				PRODUCT_BUNDLE_IDENTIFIER = Beijing.RevealTestUITests;
				PRODUCT_NAME = "$(TARGET_NAME)";
				TEST_TARGET_NAME = RevealTest;
				USES_XCTRUNNER = YES;
			};
			name = Debug;
		};
		3DCD19B71C7FF9BA00F0BC7B /* Release */ = {
			isa = XCBuildConfiguration;
			buildSettings = {
				INFOPLIST_FILE = RevealTestUITests/Info.plist;
				LD_RUNPATH_SEARCH_PATHS = "$(inherited) @executable_path/Frameworks @loader_path/Frameworks";
				PRODUCT_BUNDLE_IDENTIFIER = Beijing.RevealTestUITests;
				PRODUCT_NAME = "$(TARGET_NAME)";
				TEST_TARGET_NAME = RevealTest;
				USES_XCTRUNNER = YES;
			};
			name = Release;
		};
/* End XCBuildConfiguration section */

/* Begin XCConfigurationList section */
		3DCD197D1C7FF9B900F0BC7B /* Build configuration list for PBXProject "RevealTest" */ = {
			isa = XCConfigurationList;
			buildConfigurations = (
				3DCD19AD1C7FF9BA00F0BC7B /* Debug */,
				3DCD19AE1C7FF9BA00F0BC7B /* Release */,
			);
			defaultConfigurationIsVisible = 0;
			defaultConfigurationName = Release;
		};
		3DCD19AF1C7FF9BA00F0BC7B /* Build configuration list for PBXNativeTarget "RevealTest" */ = {
			isa = XCConfigurationList;
			buildConfigurations = (
				3DCD19B01C7FF9BA00F0BC7B /* Debug */,
				3DCD19B11C7FF9BA00F0BC7B /* Release */,
			);
			defaultConfigurationIsVisible = 0;
		};
		3DCD19B21C7FF9BA00F0BC7B /* Build configuration list for PBXNativeTarget "RevealTestTests" */ = {
			isa = XCConfigurationList;
			buildConfigurations = (
				3DCD19B31C7FF9BA00F0BC7B /* Debug */,
				3DCD19B41C7FF9BA00F0BC7B /* Release */,
			);
			defaultConfigurationIsVisible = 0;
		};
		3DCD19B51C7FF9BA00F0BC7B /* Build configuration list for PBXNativeTarget "RevealTestUITests" */ = {
			isa = XCConfigurationList;
			buildConfigurations = (
				3DCD19B61C7FF9BA00F0BC7B /* Debug */,
				3DCD19B71C7FF9BA00F0BC7B /* Release */,
			);
			defaultConfigurationIsVisible = 0;
		};
/* End XCConfigurationList section */
	};
	rootObject = 3DCD197A1C7FF9B900F0BC7B /* Project object */;
}
